
Microsoft Visual Studio Solution File, Format Version 12.00
# Visual Studio 15
VisualStudioVersion = 15.0.28307.421
MinimumVisualStudioVersion = 10.0.40219.1
Project("{FAE04EC0-301F-11D3-BF4B-00C04F79EFBC}") = "Sife.MapXmlUBL", "Sife.MapXmlUBL\Sife.MapXmlUBL.csproj", "{99D65A26-04CF-4FF3-90E9-5A95CFB21598}"
EndProject
Project("{FAE04EC0-301F-11D3-BF4B-00C04F79EFBC}") = "Sife.Test", "Sife.Test\Sife.Test.csproj", "{4CFFEE21-8502-4303-92AB-4BBC29F745A0}"
EndProject
Global
	GlobalSection(SolutionConfigurationPlatforms) = preSolution
		Debug|Any CPU = Debug|Any CPU
		Release|Any CPU = Release|Any CPU
	EndGlobalSection
	GlobalSection(ProjectConfigurationPlatforms) = postSolution
		{99D65A26-04CF-4FF3-90E9-5A95CFB21598}.Debug|Any CPU.ActiveCfg = Debug|Any CPU
		{99D65A26-04CF-4FF3-90E9-5A95CFB21598}.Debug|Any CPU.Build.0 = Debug|Any CPU
		{99D65A26-04CF-4FF3-90E9-5A95CFB21598}.Release|Any CPU.ActiveCfg = Release|Any CPU
		{99D65A26-04CF-4FF3-90E9-5A95CFB21598}.Release|Any CPU.Build.0 = Release|Any CPU
		{4CFFEE21-8502-4303-92AB-4BBC29F745A0}.Debug|Any CPU.ActiveCfg = Debug|Any CPU
		{4CFFEE21-8502-4303-92AB-4BBC29F745A0}.Debug|Any CPU.Build.0 = Debug|Any CPU
		{4CFFEE21-8502-4303-92AB-4BBC29F745A0}.Release|Any CPU.ActiveCfg = Release|Any CPU
		{4CFFEE21-8502-4303-92AB-4BBC29F745A0}.Release|Any CPU.Build.0 = Release|Any CPU
	EndGlobalSection
	GlobalSection(SolutionProperties) = preSolution
		HideSolutionNode = FALSE
	EndGlobalSection
	GlobalSection(ExtensibilityGlobals) = postSolution
		SolutionGuid = {F2FBE8D9-61FA-4D46-A670-60601A7BEA0A}
	EndGlobalSection
EndGlobal
